// !$*UTF8*$!
{
	archiveVersion = 1;
	classes = {
	};
	objectVersion = 46;
	objects = {

/* Begin PBXBuildFile section */
		AEB555AB41BDC92A922707FF /* Pods_RealmSurveys.framework in Frameworks */ = {isa = PBXBuildFile; fileRef = FFC4C64A1B2613C65C94F5B5 /* Pods_RealmSurveys.framework */; };
		FB3663891E773C7500FCBEBC /* AppDelegate.swift in Sources */ = {isa = PBXBuildFile; fileRef = FB3663881E773C7500FCBEBC /* AppDelegate.swift */; };
		FB36638B1E773C7500FCBEBC /* SurveyTVC.swift in Sources */ = {isa = PBXBuildFile; fileRef = FB36638A1E773C7500FCBEBC /* SurveyTVC.swift */; };
		FB36638E1E773C7500FCBEBC /* Main.storyboard in Resources */ = {isa = PBXBuildFile; fileRef = FB36638C1E773C7500FCBEBC /* Main.storyboard */; };
		FB3663901E773C7500FCBEBC /* Assets.xcassets in Resources */ = {isa = PBXBuildFile; fileRef = FB36638F1E773C7500FCBEBC /* Assets.xcassets */; };
		FB3663931E773C7500FCBEBC /* LaunchScreen.storyboard in Resources */ = {isa = PBXBuildFile; fileRef = FB3663911E773C7500FCBEBC /* LaunchScreen.storyboard */; };
		FBB105621E77475A00487EBF /* RealmConnect.swift in Sources */ = {isa = PBXBuildFile; fileRef = FBB105611E77475A00487EBF /* RealmConnect.swift */; };
		FBB105641E78294E00487EBF /* SurveyCell.swift in Sources */ = {isa = PBXBuildFile; fileRef = FBB105631E78294E00487EBF /* SurveyCell.swift */; };
		FBB105681E7834CC00487EBF /* RealmModels.swift in Sources */ = {isa = PBXBuildFile; fileRef = FBB105671E7834CC00487EBF /* RealmModels.swift */; };
		FBB1056B1E7836DE00487EBF /* UITableView+.swift in Sources */ = {isa = PBXBuildFile; fileRef = FBB105691E7836DE00487EBF /* UITableView+.swift */; };
		FBB1056C1E7836DE00487EBF /* UserDefaults+.swift in Sources */ = {isa = PBXBuildFile; fileRef = FBB1056A1E7836DE00487EBF /* UserDefaults+.swift */; };
/* End PBXBuildFile section */

/* Begin PBXFileReference section */
		0BF7F8F1FAD342B33CEA07D8 /* Pods-RealmSurveys.release.xcconfig */ = {isa = PBXFileReference; includeInIndex = 1; lastKnownFileType = text.xcconfig; name = "Pods-RealmSurveys.release.xcconfig"; path = "Pods/Target Support Files/Pods-RealmSurveys/Pods-RealmSurveys.release.xcconfig"; sourceTree = "<group>"; };
		97855F7B7676983034E5C345 /* Pods-RealmSurveys.debug.xcconfig */ = {isa = PBXFileReference; includeInIndex = 1; lastKnownFileType = text.xcconfig; name = "Pods-RealmSurveys.debug.xcconfig"; path = "Pods/Target Support Files/Pods-RealmSurveys/Pods-RealmSurveys.debug.xcconfig"; sourceTree = "<group>"; };
		FB3663851E773C7500FCBEBC /* RealmSurveys.app */ = {isa = PBXFileReference; explicitFileType = wrapper.application; includeInIndex = 0; path = RealmSurveys.app; sourceTree = BUILT_PRODUCTS_DIR; };
		FB3663881E773C7500FCBEBC /* AppDelegate.swift */ = {isa = PBXFileReference; lastKnownFileType = sourcecode.swift; path = AppDelegate.swift; sourceTree = "<group>"; };
		FB36638A1E773C7500FCBEBC /* SurveyTVC.swift */ = {isa = PBXFileReference; lastKnownFileType = sourcecode.swift; path = SurveyTVC.swift; sourceTree = "<group>"; };
		FB36638D1E773C7500FCBEBC /* Base */ = {isa = PBXFileReference; lastKnownFileType = file.storyboard; name = Base; path = Base.lproj/Main.storyboard; sourceTree = "<group>"; };
		FB36638F1E773C7500FCBEBC /* Assets.xcassets */ = {isa = PBXFileReference; lastKnownFileType = folder.assetcatalog; path = Assets.xcassets; sourceTree = "<group>"; };
		FB3663921E773C7500FCBEBC /* Base */ = {isa = PBXFileReference; lastKnownFileType = file.storyboard; name = Base; path = Base.lproj/LaunchScreen.storyboard; sourceTree = "<group>"; };
		FB3663941E773C7500FCBEBC /* Info.plist */ = {isa = PBXFileReference; lastKnownFileType = text.plist.xml; path = Info.plist; sourceTree = "<group>"; };
		FBB105611E77475A00487EBF /* RealmConnect.swift */ = {isa = PBXFileReference; fileEncoding = 4; lastKnownFileType = sourcecode.swift; path = RealmConnect.swift; sourceTree = "<group>"; };
		FBB105631E78294E00487EBF /* SurveyCell.swift */ = {isa = PBXFileReference; fileEncoding = 4; lastKnownFileType = sourcecode.swift; path = SurveyCell.swift; sourceTree = "<group>"; };
		FBB105671E7834CC00487EBF /* RealmModels.swift */ = {isa = PBXFileReference; fileEncoding = 4; lastKnownFileType = sourcecode.swift; path = RealmModels.swift; sourceTree = "<group>"; };
		FBB105691E7836DE00487EBF /* UITableView+.swift */ = {isa = PBXFileReference; fileEncoding = 4; lastKnownFileType = sourcecode.swift; path = "UITableView+.swift"; sourceTree = "<group>"; };
		FBB1056A1E7836DE00487EBF /* UserDefaults+.swift */ = {isa = PBXFileReference; fileEncoding = 4; lastKnownFileType = sourcecode.swift; path = "UserDefaults+.swift"; sourceTree = "<group>"; };
		FFC4C64A1B2613C65C94F5B5 /* Pods_RealmSurveys.framework */ = {isa = PBXFileReference; explicitFileType = wrapper.framework; includeInIndex = 0; path = Pods_RealmSurveys.framework; sourceTree = BUILT_PRODUCTS_DIR; };
/* End PBXFileReference section */

/* Begin PBXFrameworksBuildPhase section */
		FB3663821E773C7500FCBEBC /* Frameworks */ = {
			isa = PBXFrameworksBuildPhase;
			buildActionMask = 2147483647;
			files = (
				AEB555AB41BDC92A922707FF /* Pods_RealmSurveys.framework in Frameworks */,
			);
			runOnlyForDeploymentPostprocessing = 0;
		};
/* End PBXFrameworksBuildPhase section */

/* Begin PBXGroup section */
		84428A021C1955E4F9D07067 /* Frameworks */ = {
			isa = PBXGroup;
			children = (
				FFC4C64A1B2613C65C94F5B5 /* Pods_RealmSurveys.framework */,
			);
			name = Frameworks;
			sourceTree = "<group>";
		};
		86C165537C5B8B48ED5EEAF4 /* Pods */ = {
			isa = PBXGroup;
			children = (
				97855F7B7676983034E5C345 /* Pods-RealmSurveys.debug.xcconfig */,
				0BF7F8F1FAD342B33CEA07D8 /* Pods-RealmSurveys.release.xcconfig */,
			);
			name = Pods;
			sourceTree = "<group>";
		};
		FB36637C1E773C7500FCBEBC = {
			isa = PBXGroup;
			children = (
				FB3663871E773C7500FCBEBC /* RealmSurveys */,
				FB3663861E773C7500FCBEBC /* Products */,
				86C165537C5B8B48ED5EEAF4 /* Pods */,
				84428A021C1955E4F9D07067 /* Frameworks */,
			);
			sourceTree = "<group>";
		};
		FB3663861E773C7500FCBEBC /* Products */ = {
			isa = PBXGroup;
			children = (
				FB3663851E773C7500FCBEBC /* RealmSurveys.app */,
			);
			name = Products;
			sourceTree = "<group>";
		};
		FB3663871E773C7500FCBEBC /* RealmSurveys */ = {
			isa = PBXGroup;
			children = (
				FBB105691E7836DE00487EBF /* UITableView+.swift */,
				FBB1056A1E7836DE00487EBF /* UserDefaults+.swift */,
				FBB105611E77475A00487EBF /* RealmConnect.swift */,
				FB3663881E773C7500FCBEBC /* AppDelegate.swift */,
				FB36638A1E773C7500FCBEBC /* SurveyTVC.swift */,
				FBB105631E78294E00487EBF /* SurveyCell.swift */,
				FB36638C1E773C7500FCBEBC /* Main.storyboard */,
				FB36638F1E773C7500FCBEBC /* Assets.xcassets */,
				FB3663911E773C7500FCBEBC /* LaunchScreen.storyboard */,
				FB3663941E773C7500FCBEBC /* Info.plist */,
				FBB105671E7834CC00487EBF /* RealmModels.swift */,
			);
			path = RealmSurveys;
			sourceTree = "<group>";
		};
/* End PBXGroup section */

/* Begin PBXNativeTarget section */
		FB3663841E773C7500FCBEBC /* RealmSurveys */ = {
			isa = PBXNativeTarget;
			buildConfigurationList = FB3663971E773C7500FCBEBC /* Build configuration list for PBXNativeTarget "RealmSurveys" */;
			buildPhases = (
				F825A13A9026B74BAD2BF749 /* [CP] Check Pods Manifest.lock */,
				FB3663811E773C7500FCBEBC /* Sources */,
				FB3663821E773C7500FCBEBC /* Frameworks */,
				FB3663831E773C7500FCBEBC /* Resources */,
				90BC2D18D09F90A7E1BB0E66 /* [CP] Embed Pods Frameworks */,
				7314863CE6134241F8A1088C /* [CP] Copy Pods Resources */,
			);
			buildRules = (
			);
			dependencies = (
			);
			name = RealmSurveys;
			productName = RealmSurveys;
			productReference = FB3663851E773C7500FCBEBC /* RealmSurveys.app */;
			productType = "com.apple.product-type.application";
		};
/* End PBXNativeTarget section */

/* Begin PBXProject section */
		FB36637D1E773C7500FCBEBC /* Project object */ = {
			isa = PBXProject;
			attributes = {
				LastSwiftUpdateCheck = 0820;
				LastUpgradeCheck = 0820;
				ORGANIZATIONNAME = "Eric Maxwell";
				TargetAttributes = {
					FB3663841E773C7500FCBEBC = {
						CreatedOnToolsVersion = 8.2.1;
						DevelopmentTeam = 4XL3X97RQ3;
						ProvisioningStyle = Automatic;
					};
				};
			};
			buildConfigurationList = FB3663801E773C7500FCBEBC /* Build configuration list for PBXProject "RealmSurveys" */;
			compatibilityVersion = "Xcode 3.2";
			developmentRegion = English;
			hasScannedForEncodings = 0;
			knownRegions = (
				en,
				Base,
			);
			mainGroup = FB36637C1E773C7500FCBEBC;
			productRefGroup = FB3663861E773C7500FCBEBC /* Products */;
			projectDirPath = "";
			projectRoot = "";
			targets = (
				FB3663841E773C7500FCBEBC /* RealmSurveys */,
			);
		};
/* End PBXProject section */

/* Begin PBXResourcesBuildPhase section */
		FB3663831E773C7500FCBEBC /* Resources */ = {
			isa = PBXResourcesBuildPhase;
			buildActionMask = 2147483647;
			files = (
				FB3663931E773C7500FCBEBC /* LaunchScreen.storyboard in Resources */,
				FB3663901E773C7500FCBEBC /* Assets.xcassets in Resources */,
				FB36638E1E773C7500FCBEBC /* Main.storyboard in Resources */,
			);
			runOnlyForDeploymentPostprocessing = 0;
		};
/* End PBXResourcesBuildPhase section */

/* Begin PBXShellScriptBuildPhase section */
		7314863CE6134241F8A1088C /* [CP] Copy Pods Resources */ = {
			isa = PBXShellScriptBuildPhase;
			buildActionMask = 2147483647;
			files = (
			);
			inputPaths = (
			);
			name = "[CP] Copy Pods Resources";
			outputPaths = (
			);
			runOnlyForDeploymentPostprocessing = 0;
			shellPath = /bin/sh;
			shellScript = "\"${SRCROOT}/Pods/Target Support Files/Pods-RealmSurveys/Pods-RealmSurveys-resources.sh\"\n";
			showEnvVarsInLog = 0;
		};
		90BC2D18D09F90A7E1BB0E66 /* [CP] Embed Pods Frameworks */ = {
			isa = PBXShellScriptBuildPhase;
			buildActionMask = 2147483647;
			files = (
			);
			inputPaths = (
			);
			name = "[CP] Embed Pods Frameworks";
			outputPaths = (
			);
			runOnlyForDeploymentPostprocessing = 0;
			shellPath = /bin/sh;
			shellScript = "\"${SRCROOT}/Pods/Target Support Files/Pods-RealmSurveys/Pods-RealmSurveys-frameworks.sh\"\n";
			showEnvVarsInLog = 0;
		};
		F825A13A9026B74BAD2BF749 /* [CP] Check Pods Manifest.lock */ = {
			isa = PBXShellScriptBuildPhase;
			buildActionMask = 2147483647;
			files = (
			);
			inputPaths = (
			);
			name = "[CP] Check Pods Manifest.lock";
			outputPaths = (
			);
			runOnlyForDeploymentPostprocessing = 0;
			shellPath = /bin/sh;
			shellScript = "diff \"${PODS_ROOT}/../Podfile.lock\" \"${PODS_ROOT}/Manifest.lock\" > /dev/null\nif [ $? != 0 ] ; then\n    # print error to STDERR\n    echo \"error: The sandbox is not in sync with the Podfile.lock. Run 'pod install' or update your CocoaPods installation.\" >&2\n    exit 1\nfi\n";
			showEnvVarsInLog = 0;
		};
/* End PBXShellScriptBuildPhase section */

/* Begin PBXSourcesBuildPhase section */
		FB3663811E773C7500FCBEBC /* Sources */ = {
			isa = PBXSourcesBuildPhase;
			buildActionMask = 2147483647;
			files = (
				FB36638B1E773C7500FCBEBC /* SurveyTVC.swift in Sources */,
				FBB105641E78294E00487EBF /* SurveyCell.swift in Sources */,
				FBB1056C1E7836DE00487EBF /* UserDefaults+.swift in Sources */,
				FB3663891E773C7500FCBEBC /* AppDelegate.swift in Sources */,
				FBB1056B1E7836DE00487EBF /* UITableView+.swift in Sources */,
				FBB105621E77475A00487EBF /* RealmConnect.swift in Sources */,
				FBB105681E7834CC00487EBF /* RealmModels.swift in Sources */,
			);
			runOnlyForDeploymentPostprocessing = 0;
		};
/* End PBXSourcesBuildPhase section */

/* Begin PBXVariantGroup section */
		FB36638C1E773C7500FCBEBC /* Main.storyboard */ = {
			isa = PBXVariantGroup;
			children = (
				FB36638D1E773C7500FCBEBC /* Base */,
			);
			name = Main.storyboard;
			sourceTree = "<group>";
		};
		FB3663911E773C7500FCBEBC /* LaunchScreen.storyboard */ = {
			isa = PBXVariantGroup;
			children = (
				FB3663921E773C7500FCBEBC /* Base */,
			);
			name = LaunchScreen.storyboard;
			sourceTree = "<group>";
		};
/* End PBXVariantGroup section */

/* Begin XCBuildConfiguration section */
		FB3663951E773C7500FCBEBC /* Debug */ = {
			isa = XCBuildConfiguration;
			buildSettings = {
				ALWAYS_SEARCH_USER_PATHS = NO;
				CLANG_ANALYZER_NONNULL = YES;
				CLANG_CXX_LANGUAGE_STANDARD = "gnu++0x";
				CLANG_CXX_LIBRARY = "libc++";
				CLANG_ENABLE_MODULES = YES;
				CLANG_ENABLE_OBJC_ARC = YES;
				CLANG_WARN_BOOL_CONVERSION = YES;
				CLANG_WARN_CONSTANT_CONVERSION = YES;
				CLANG_WARN_DIRECT_OBJC_ISA_USAGE = YES_ERROR;
				CLANG_WARN_DOCUMENTATION_COMMENTS = YES;
				CLANG_WARN_EMPTY_BODY = YES;
				CLANG_WARN_ENUM_CONVERSION = YES;
				CLANG_WARN_INFINITE_RECURSION = YES;
				CLANG_WARN_INT_CONVERSION = YES;
				CLANG_WARN_OBJC_ROOT_CLASS = YES_ERROR;
				CLANG_WARN_SUSPICIOUS_MOVE = YES;
				CLANG_WARN_UNREACHABLE_CODE = YES;
				CLANG_WARN__DUPLICATE_METHOD_MATCH = YES;
				"CODE_SIGN_IDENTITY[sdk=iphoneos*]" = "iPhone Developer";
				COPY_PHASE_STRIP = NO;
				DEBUG_INFORMATION_FORMAT = dwarf;
				ENABLE_STRICT_OBJC_MSGSEND = YES;
				ENABLE_TESTABILITY = YES;
				GCC_C_LANGUAGE_STANDARD = gnu99;
				GCC_DYNAMIC_NO_PIC = NO;
				GCC_NO_COMMON_BLOCKS = YES;
				GCC_OPTIMIZATION_LEVEL = 0;
				GCC_PREPROCESSOR_DEFINITIONS = (
					"DEBUG=1",
					"$(inherited)",
				);
				GCC_WARN_64_TO_32_BIT_CONVERSION = YES;
				GCC_WARN_ABOUT_RETURN_TYPE = YES_ERROR;
				GCC_WARN_UNDECLARED_SELECTOR = YES;
				GCC_WARN_UNINITIALIZED_AUTOS = YES_AGGRESSIVE;
				GCC_WARN_UNUSED_FUNCTION = YES;
				GCC_WARN_UNUSED_VARIABLE = YES;
				IPHONEOS_DEPLOYMENT_TARGET = 10.2;
				MTL_ENABLE_DEBUG_INFO = YES;
				ONLY_ACTIVE_ARCH = YES;
				SDKROOT = iphoneos;
				SWIFT_ACTIVE_COMPILATION_CONDITIONS = DEBUG;
				SWIFT_OPTIMIZATION_LEVEL = "-Onone";
				TARGETED_DEVICE_FAMILY = "1,2";
			};
			name = Debug;
		};
		FB3663961E773C7500FCBEBC /* Release */ = {
			isa = XCBuildConfiguration;
			buildSettings = {
				ALWAYS_SEARCH_USER_PATHS = NO;
				CLANG_ANALYZER_NONNULL = YES;
				CLANG_CXX_LANGUAGE_STANDARD = "gnu++0x";
				CLANG_CXX_LIBRARY = "libc++";
				CLANG_ENABLE_MODULES = YES;
				CLANG_ENABLE_OBJC_ARC = YES;
				CLANG_WARN_BOOL_CONVERSION = YES;
				CLANG_WARN_CONSTANT_CONVERSION = YES;
				CLANG_WARN_DIRECT_OBJC_ISA_USAGE = YES_ERROR;
				CLANG_WARN_DOCUMENTATION_COMMENTS = YES;
				CLANG_WARN_EMPTY_BODY = YES;
				CLANG_WARN_ENUM_CONVERSION = YES;
				CLANG_WARN_INFINITE_RECURSION = YES;
				CLANG_WARN_INT_CONVERSION = YES;
				CLANG_WARN_OBJC_ROOT_CLASS = YES_ERROR;
				CLANG_WARN_SUSPICIOUS_MOVE = YES;
				CLANG_WARN_UNREACHABLE_CODE = YES;
				CLANG_WARN__DUPLICATE_METHOD_MATCH = YES;
				"CODE_SIGN_IDENTITY[sdk=iphoneos*]" = "iPhone Developer";
				COPY_PHASE_STRIP = NO;
				DEBUG_INFORMATION_FORMAT = "dwarf-with-dsym";
				ENABLE_NS_ASSERTIONS = NO;
				ENABLE_STRICT_OBJC_MSGSEND = YES;
				GCC_C_LANGUAGE_STANDARD = gnu99;
				GCC_NO_COMMON_BLOCKS = YES;
				GCC_WARN_64_TO_32_BIT_CONVERSION = YES;
				GCC_WARN_ABOUT_RETURN_TYPE = YES_ERROR;
				GCC_WARN_UNDECLARED_SELECTOR = YES;
				GCC_WARN_UNINITIALIZED_AUTOS = YES_AGGRESSIVE;
				GCC_WARN_UNUSED_FUNCTION = YES;
				GCC_WARN_UNUSED_VARIABLE = YES;
				IPHONEOS_DEPLOYMENT_TARGET = 10.2;
				MTL_ENABLE_DEBUG_INFO = NO;
				SDKROOT = iphoneos;
				SWIFT_OPTIMIZATION_LEVEL = "-Owholemodule";
				TARGETED_DEVICE_FAMILY = "1,2";
				VALIDATE_PRODUCT = YES;
			};
			name = Release;
		};
		FB3663981E773C7500FCBEBC /* Debug */ = {
			isa = XCBuildConfiguration;
			baseConfigurationReference = 97855F7B7676983034E5C345 /* Pods-RealmSurveys.debug.xcconfig */;
			buildSettings = {
				ASSETCATALOG_COMPILER_APPICON_NAME = AppIcon;
				DEVELOPMENT_TEAM = 4XL3X97RQ3;
				INFOPLIST_FILE = RealmSurveys/Info.plist;
				LD_RUNPATH_SEARCH_PATHS = "$(inherited) @executable_path/Frameworks";
				PRODUCT_BUNDLE_IDENTIFIER = realm.io.RealmSurveys;
				PRODUCT_NAME = "$(TARGET_NAME)";
				SWIFT_VERSION = 3.0;
			};
			name = Debug;
		};
		FB3663991E773C7500FCBEBC /* Release */ = {
			isa = XCBuildConfiguration;
			baseConfigurationReference = 0BF7F8F1FAD342B33CEA07D8 /* Pods-RealmSurveys.release.xcconfig */;
			buildSettings = {
				ASSETCATALOG_COMPILER_APPICON_NAME = AppIcon;
				DEVELOPMENT_TEAM = 4XL3X97RQ3;
				INFOPLIST_FILE = RealmSurveys/Info.plist;
				LD_RUNPATH_SEARCH_PATHS = "$(inherited) @executable_path/Frameworks";
				PRODUCT_BUNDLE_IDENTIFIER = realm.io.RealmSurveys;
				PRODUCT_NAME = "$(TARGET_NAME)";
				SWIFT_VERSION = 3.0;
			};
			name = Release;
		};
/* End XCBuildConfiguration section */

/* Begin XCConfigurationList section */
		FB3663801E773C7500FCBEBC /* Build configuration list for PBXProject "RealmSurveys" */ = {
			isa = XCConfigurationList;
			buildConfigurations = (
				FB3663951E773C7500FCBEBC /* Debug */,
				FB3663961E773C7500FCBEBC /* Release */,
			);
			defaultConfigurationIsVisible = 0;
			defaultConfigurationName = Release;
		};
		FB3663971E773C7500FCBEBC /* Build configuration list for PBXNativeTarget "RealmSurveys" */ = {
			isa = XCConfigurationList;
			buildConfigurations = (
				FB3663981E773C7500FCBEBC /* Debug */,
				FB3663991E773C7500FCBEBC /* Release */,
			);
			defaultConfigurationIsVisible = 0;
			defaultConfigurationName = Release;
		};
/* End XCConfigurationList section */
	};
	rootObject = FB36637D1E773C7500FCBEBC /* Project object */;
}
