// !$*UTF8*$!
{
	archiveVersion = 1;
	classes = {
	};
	objectVersion = 46;
	objects = {

/* Begin PBXBuildFile section */
		6F036C449883C1996D021D85 /* Pods_SurveyAdmin.framework in Frameworks */ = {isa = PBXBuildFile; fileRef = E037D2C81ADC2700414FE899 /* Pods_SurveyAdmin.framework */; };
		FB6B17D61E53CDCB00FFC081 /* AppDelegate.swift in Sources */ = {isa = PBXBuildFile; fileRef = FB6B17D51E53CDCB00FFC081 /* AppDelegate.swift */; };
		FB6B17D81E53CDCB00FFC081 /* ViewController.swift in Sources */ = {isa = PBXBuildFile; fileRef = FB6B17D71E53CDCB00FFC081 /* ViewController.swift */; };
		FB6B17DA1E53CDCB00FFC081 /* Assets.xcassets in Resources */ = {isa = PBXBuildFile; fileRef = FB6B17D91E53CDCB00FFC081 /* Assets.xcassets */; };
		FB6B17DD1E53CDCB00FFC081 /* Main.storyboard in Resources */ = {isa = PBXBuildFile; fileRef = FB6B17DB1E53CDCB00FFC081 /* Main.storyboard */; };
		FB6B17E51E53CF1E00FFC081 /* RealmModels.swift in Sources */ = {isa = PBXBuildFile; fileRef = FB6B17E41E53CF1E00FFC081 /* RealmModels.swift */; };
/* End PBXBuildFile section */

/* Begin PBXFileReference section */
		103A12889B9088E458422989 /* Pods-SurveyAdmin.debug.xcconfig */ = {isa = PBXFileReference; includeInIndex = 1; lastKnownFileType = text.xcconfig; name = "Pods-SurveyAdmin.debug.xcconfig"; path = "Pods/Target Support Files/Pods-SurveyAdmin/Pods-SurveyAdmin.debug.xcconfig"; sourceTree = "<group>"; };
		263CB9A4D05DFE5CE8C547FE /* Pods-SurveyAdmin.release.xcconfig */ = {isa = PBXFileReference; includeInIndex = 1; lastKnownFileType = text.xcconfig; name = "Pods-SurveyAdmin.release.xcconfig"; path = "Pods/Target Support Files/Pods-SurveyAdmin/Pods-SurveyAdmin.release.xcconfig"; sourceTree = "<group>"; };
		E037D2C81ADC2700414FE899 /* Pods_SurveyAdmin.framework */ = {isa = PBXFileReference; explicitFileType = wrapper.framework; includeInIndex = 0; path = Pods_SurveyAdmin.framework; sourceTree = BUILT_PRODUCTS_DIR; };
		FB6B17D21E53CDCB00FFC081 /* SurveyAdmin.app */ = {isa = PBXFileReference; explicitFileType = wrapper.application; includeInIndex = 0; path = SurveyAdmin.app; sourceTree = BUILT_PRODUCTS_DIR; };
		FB6B17D51E53CDCB00FFC081 /* AppDelegate.swift */ = {isa = PBXFileReference; lastKnownFileType = sourcecode.swift; path = AppDelegate.swift; sourceTree = "<group>"; };
		FB6B17D71E53CDCB00FFC081 /* ViewController.swift */ = {isa = PBXFileReference; lastKnownFileType = sourcecode.swift; path = ViewController.swift; sourceTree = "<group>"; };
		FB6B17D91E53CDCB00FFC081 /* Assets.xcassets */ = {isa = PBXFileReference; lastKnownFileType = folder.assetcatalog; path = Assets.xcassets; sourceTree = "<group>"; };
		FB6B17DC1E53CDCB00FFC081 /* Base */ = {isa = PBXFileReference; lastKnownFileType = file.storyboard; name = Base; path = Base.lproj/Main.storyboard; sourceTree = "<group>"; };
		FB6B17DE1E53CDCB00FFC081 /* Info.plist */ = {isa = PBXFileReference; lastKnownFileType = text.plist.xml; path = Info.plist; sourceTree = "<group>"; };
		FB6B17E41E53CF1E00FFC081 /* RealmModels.swift */ = {isa = PBXFileReference; fileEncoding = 4; lastKnownFileType = sourcecode.swift; path = RealmModels.swift; sourceTree = "<group>"; };
/* End PBXFileReference section */

/* Begin PBXFrameworksBuildPhase section */
		FB6B17CF1E53CDCA00FFC081 /* Frameworks */ = {
			isa = PBXFrameworksBuildPhase;
			buildActionMask = 2147483647;
			files = (
				6F036C449883C1996D021D85 /* Pods_SurveyAdmin.framework in Frameworks */,
			);
			runOnlyForDeploymentPostprocessing = 0;
		};
/* End PBXFrameworksBuildPhase section */

/* Begin PBXGroup section */
		38939F1B55F1A88A5AEF7F32 /* Pods */ = {
			isa = PBXGroup;
			children = (
				103A12889B9088E458422989 /* Pods-SurveyAdmin.debug.xcconfig */,
				263CB9A4D05DFE5CE8C547FE /* Pods-SurveyAdmin.release.xcconfig */,
			);
			name = Pods;
			sourceTree = "<group>";
		};
		3F36D8AD7732BC05478D27AC /* Frameworks */ = {
			isa = PBXGroup;
			children = (
				E037D2C81ADC2700414FE899 /* Pods_SurveyAdmin.framework */,
			);
			name = Frameworks;
			sourceTree = "<group>";
		};
		FB6B17C91E53CDCA00FFC081 = {
			isa = PBXGroup;
			children = (
				FB6B17D41E53CDCB00FFC081 /* SurveyAdmin */,
				FB6B17D31E53CDCB00FFC081 /* Products */,
				38939F1B55F1A88A5AEF7F32 /* Pods */,
				3F36D8AD7732BC05478D27AC /* Frameworks */,
			);
			sourceTree = "<group>";
		};
		FB6B17D31E53CDCB00FFC081 /* Products */ = {
			isa = PBXGroup;
			children = (
				FB6B17D21E53CDCB00FFC081 /* SurveyAdmin.app */,
			);
			name = Products;
			sourceTree = "<group>";
		};
		FB6B17D41E53CDCB00FFC081 /* SurveyAdmin */ = {
			isa = PBXGroup;
			children = (
				FB6B17E41E53CF1E00FFC081 /* RealmModels.swift */,
				FB6B17D51E53CDCB00FFC081 /* AppDelegate.swift */,
				FB6B17D71E53CDCB00FFC081 /* ViewController.swift */,
				FB6B17D91E53CDCB00FFC081 /* Assets.xcassets */,
				FB6B17DB1E53CDCB00FFC081 /* Main.storyboard */,
				FB6B17DE1E53CDCB00FFC081 /* Info.plist */,
			);
			path = SurveyAdmin;
			sourceTree = "<group>";
		};
/* End PBXGroup section */

/* Begin PBXNativeTarget section */
		FB6B17D11E53CDCA00FFC081 /* SurveyAdmin */ = {
			isa = PBXNativeTarget;
			buildConfigurationList = FB6B17E11E53CDCB00FFC081 /* Build configuration list for PBXNativeTarget "SurveyAdmin" */;
			buildPhases = (
				6480B571A839C3ED916DF2C7 /* [CP] Check Pods Manifest.lock */,
				FB6B17CE1E53CDCA00FFC081 /* Sources */,
				FB6B17CF1E53CDCA00FFC081 /* Frameworks */,
				FB6B17D01E53CDCA00FFC081 /* Resources */,
				1D81B543E22DF6DD2EAF90AC /* [CP] Embed Pods Frameworks */,
				66992E14872C987705B30CD7 /* [CP] Copy Pods Resources */,
			);
			buildRules = (
			);
			dependencies = (
			);
			name = SurveyAdmin;
			productName = SurveyAdmin;
			productReference = FB6B17D21E53CDCB00FFC081 /* SurveyAdmin.app */;
			productType = "com.apple.product-type.application";
		};
/* End PBXNativeTarget section */

/* Begin PBXProject section */
		FB6B17CA1E53CDCA00FFC081 /* Project object */ = {
			isa = PBXProject;
			attributes = {
				LastSwiftUpdateCheck = 0820;
				LastUpgradeCheck = 0820;
				ORGANIZATIONNAME = "Eric Maxwell";
				TargetAttributes = {
					FB6B17D11E53CDCA00FFC081 = {
						CreatedOnToolsVersion = 8.2.1;
						DevelopmentTeam = 397FP8392F;
						ProvisioningStyle = Automatic;
					};
				};
			};
			buildConfigurationList = FB6B17CD1E53CDCA00FFC081 /* Build configuration list for PBXProject "SurveyAdmin" */;
			compatibilityVersion = "Xcode 3.2";
			developmentRegion = English;
			hasScannedForEncodings = 0;
			knownRegions = (
				en,
				Base,
			);
			mainGroup = FB6B17C91E53CDCA00FFC081;
			productRefGroup = FB6B17D31E53CDCB00FFC081 /* Products */;
			projectDirPath = "";
			projectRoot = "";
			targets = (
				FB6B17D11E53CDCA00FFC081 /* SurveyAdmin */,
			);
		};
/* End PBXProject section */

/* Begin PBXResourcesBuildPhase section */
		FB6B17D01E53CDCA00FFC081 /* Resources */ = {
			isa = PBXResourcesBuildPhase;
			buildActionMask = 2147483647;
			files = (
				FB6B17DA1E53CDCB00FFC081 /* Assets.xcassets in Resources */,
				FB6B17DD1E53CDCB00FFC081 /* Main.storyboard in Resources */,
			);
			runOnlyForDeploymentPostprocessing = 0;
		};
/* End PBXResourcesBuildPhase section */

/* Begin PBXShellScriptBuildPhase section */
		1D81B543E22DF6DD2EAF90AC /* [CP] Embed Pods Frameworks */ = {
			isa = PBXShellScriptBuildPhase;
			buildActionMask = 2147483647;
			files = (
			);
			inputPaths = (
				"${SRCROOT}/Pods/Target Support Files/Pods-SurveyAdmin/Pods-SurveyAdmin-frameworks.sh",
				"${BUILT_PRODUCTS_DIR}/Realm/Realm.framework",
				"${BUILT_PRODUCTS_DIR}/RealmSwift/RealmSwift.framework",
			);
			name = "[CP] Embed Pods Frameworks";
			outputPaths = (
				"${TARGET_BUILD_DIR}/${FRAMEWORKS_FOLDER_PATH}/Realm.framework",
				"${TARGET_BUILD_DIR}/${FRAMEWORKS_FOLDER_PATH}/RealmSwift.framework",
			);
			runOnlyForDeploymentPostprocessing = 0;
			shellPath = /bin/sh;
			shellScript = "\"${SRCROOT}/Pods/Target Support Files/Pods-SurveyAdmin/Pods-SurveyAdmin-frameworks.sh\"\n";
			showEnvVarsInLog = 0;
		};
		6480B571A839C3ED916DF2C7 /* [CP] Check Pods Manifest.lock */ = {
			isa = PBXShellScriptBuildPhase;
			buildActionMask = 2147483647;
			files = (
			);
			inputPaths = (
				"${PODS_PODFILE_DIR_PATH}/Podfile.lock",
				"${PODS_ROOT}/Manifest.lock",
			);
			name = "[CP] Check Pods Manifest.lock";
			outputPaths = (
				"$(DERIVED_FILE_DIR)/Pods-SurveyAdmin-checkManifestLockResult.txt",
			);
			runOnlyForDeploymentPostprocessing = 0;
			shellPath = /bin/sh;
			shellScript = "diff \"${PODS_PODFILE_DIR_PATH}/Podfile.lock\" \"${PODS_ROOT}/Manifest.lock\" > /dev/null\nif [ $? != 0 ] ; then\n    # print error to STDERR\n    echo \"error: The sandbox is not in sync with the Podfile.lock. Run 'pod install' or update your CocoaPods installation.\" >&2\n    exit 1\nfi\n# This output is used by Xcode 'outputs' to avoid re-running this script phase.\necho \"SUCCESS\" > \"${SCRIPT_OUTPUT_FILE_0}\"\n";
			showEnvVarsInLog = 0;
		};
		66992E14872C987705B30CD7 /* [CP] Copy Pods Resources */ = {
			isa = PBXShellScriptBuildPhase;
			buildActionMask = 2147483647;
			files = (
			);
			inputPaths = (
			);
			name = "[CP] Copy Pods Resources";
			outputPaths = (
			);
			runOnlyForDeploymentPostprocessing = 0;
			shellPath = /bin/sh;
			shellScript = "\"${SRCROOT}/Pods/Target Support Files/Pods-SurveyAdmin/Pods-SurveyAdmin-resources.sh\"\n";
			showEnvVarsInLog = 0;
		};
/* End PBXShellScriptBuildPhase section */

/* Begin PBXSourcesBuildPhase section */
		FB6B17CE1E53CDCA00FFC081 /* Sources */ = {
			isa = PBXSourcesBuildPhase;
			buildActionMask = 2147483647;
			files = (
				FB6B17E51E53CF1E00FFC081 /* RealmModels.swift in Sources */,
				FB6B17D81E53CDCB00FFC081 /* ViewController.swift in Sources */,
				FB6B17D61E53CDCB00FFC081 /* AppDelegate.swift in Sources */,
			);
			runOnlyForDeploymentPostprocessing = 0;
		};
/* End PBXSourcesBuildPhase section */

/* Begin PBXVariantGroup section */
		FB6B17DB1E53CDCB00FFC081 /* Main.storyboard */ = {
			isa = PBXVariantGroup;
			children = (
				FB6B17DC1E53CDCB00FFC081 /* Base */,
			);
			name = Main.storyboard;
			sourceTree = "<group>";
		};
/* End PBXVariantGroup section */

/* Begin XCBuildConfiguration section */
		FB6B17DF1E53CDCB00FFC081 /* Debug */ = {
			isa = XCBuildConfiguration;
			buildSettings = {
				ALWAYS_SEARCH_USER_PATHS = NO;
				CLANG_ANALYZER_NONNULL = YES;
				CLANG_CXX_LANGUAGE_STANDARD = "gnu++0x";
				CLANG_CXX_LIBRARY = "libc++";
				CLANG_ENABLE_MODULES = YES;
				CLANG_ENABLE_OBJC_ARC = YES;
				CLANG_WARN_BOOL_CONVERSION = YES;
				CLANG_WARN_CONSTANT_CONVERSION = YES;
				CLANG_WARN_DIRECT_OBJC_ISA_USAGE = YES_ERROR;
				CLANG_WARN_DOCUMENTATION_COMMENTS = YES;
				CLANG_WARN_EMPTY_BODY = YES;
				CLANG_WARN_ENUM_CONVERSION = YES;
				CLANG_WARN_INFINITE_RECURSION = YES;
				CLANG_WARN_INT_CONVERSION = YES;
				CLANG_WARN_OBJC_ROOT_CLASS = YES_ERROR;
				CLANG_WARN_SUSPICIOUS_MOVE = YES;
				CLANG_WARN_UNREACHABLE_CODE = YES;
				CLANG_WARN__DUPLICATE_METHOD_MATCH = YES;
				CODE_SIGN_IDENTITY = "-";
				COPY_PHASE_STRIP = NO;
				DEBUG_INFORMATION_FORMAT = dwarf;
				ENABLE_STRICT_OBJC_MSGSEND = YES;
				ENABLE_TESTABILITY = YES;
				GCC_C_LANGUAGE_STANDARD = gnu99;
				GCC_DYNAMIC_NO_PIC = NO;
				GCC_NO_COMMON_BLOCKS = YES;
				GCC_OPTIMIZATION_LEVEL = 0;
				GCC_PREPROCESSOR_DEFINITIONS = (
					"DEBUG=1",
					"$(inherited)",
				);
				GCC_WARN_64_TO_32_BIT_CONVERSION = YES;
				GCC_WARN_ABOUT_RETURN_TYPE = YES_ERROR;
				GCC_WARN_UNDECLARED_SELECTOR = YES;
				GCC_WARN_UNINITIALIZED_AUTOS = YES_AGGRESSIVE;
				GCC_WARN_UNUSED_FUNCTION = YES;
				GCC_WARN_UNUSED_VARIABLE = YES;
				MACOSX_DEPLOYMENT_TARGET = 10.12;
				MTL_ENABLE_DEBUG_INFO = YES;
				ONLY_ACTIVE_ARCH = YES;
				SDKROOT = macosx;
				SWIFT_ACTIVE_COMPILATION_CONDITIONS = DEBUG;
				SWIFT_OPTIMIZATION_LEVEL = "-Onone";
			};
			name = Debug;
		};
		FB6B17E01E53CDCB00FFC081 /* Release */ = {
			isa = XCBuildConfiguration;
			buildSettings = {
				ALWAYS_SEARCH_USER_PATHS = NO;
				CLANG_ANALYZER_NONNULL = YES;
				CLANG_CXX_LANGUAGE_STANDARD = "gnu++0x";
				CLANG_CXX_LIBRARY = "libc++";
				CLANG_ENABLE_MODULES = YES;
				CLANG_ENABLE_OBJC_ARC = YES;
				CLANG_WARN_BOOL_CONVERSION = YES;
				CLANG_WARN_CONSTANT_CONVERSION = YES;
				CLANG_WARN_DIRECT_OBJC_ISA_USAGE = YES_ERROR;
				CLANG_WARN_DOCUMENTATION_COMMENTS = YES;
				CLANG_WARN_EMPTY_BODY = YES;
				CLANG_WARN_ENUM_CONVERSION = YES;
				CLANG_WARN_INFINITE_RECURSION = YES;
				CLANG_WARN_INT_CONVERSION = YES;
				CLANG_WARN_OBJC_ROOT_CLASS = YES_ERROR;
				CLANG_WARN_SUSPICIOUS_MOVE = YES;
				CLANG_WARN_UNREACHABLE_CODE = YES;
				CLANG_WARN__DUPLICATE_METHOD_MATCH = YES;
				CODE_SIGN_IDENTITY = "-";
				COPY_PHASE_STRIP = NO;
				DEBUG_INFORMATION_FORMAT = "dwarf-with-dsym";
				ENABLE_NS_ASSERTIONS = NO;
				ENABLE_STRICT_OBJC_MSGSEND = YES;
				GCC_C_LANGUAGE_STANDARD = gnu99;
				GCC_NO_COMMON_BLOCKS = YES;
				GCC_WARN_64_TO_32_BIT_CONVERSION = YES;
				GCC_WARN_ABOUT_RETURN_TYPE = YES_ERROR;
				GCC_WARN_UNDECLARED_SELECTOR = YES;
				GCC_WARN_UNINITIALIZED_AUTOS = YES_AGGRESSIVE;
				GCC_WARN_UNUSED_FUNCTION = YES;
				GCC_WARN_UNUSED_VARIABLE = YES;
				MACOSX_DEPLOYMENT_TARGET = 10.12;
				MTL_ENABLE_DEBUG_INFO = NO;
				SDKROOT = macosx;
				SWIFT_OPTIMIZATION_LEVEL = "-Owholemodule";
			};
			name = Release;
		};
		FB6B17E21E53CDCB00FFC081 /* Debug */ = {
			isa = XCBuildConfiguration;
			baseConfigurationReference = 103A12889B9088E458422989 /* Pods-SurveyAdmin.debug.xcconfig */;
			buildSettings = {
				ASSETCATALOG_COMPILER_APPICON_NAME = AppIcon;
				COMBINE_HIDPI_IMAGES = YES;
				DEVELOPMENT_TEAM = 397FP8392F;
				INFOPLIST_FILE = SurveyAdmin/Info.plist;
				LD_RUNPATH_SEARCH_PATHS = "$(inherited) @executable_path/../Frameworks";
				PRODUCT_BUNDLE_IDENTIFIER = realm.io.SurveyAdmin;
				PRODUCT_NAME = "$(TARGET_NAME)";
				SWIFT_VERSION = 3.0;
			};
			name = Debug;
		};
		FB6B17E31E53CDCB00FFC081 /* Release */ = {
			isa = XCBuildConfiguration;
			baseConfigurationReference = 263CB9A4D05DFE5CE8C547FE /* Pods-SurveyAdmin.release.xcconfig */;
			buildSettings = {
				ASSETCATALOG_COMPILER_APPICON_NAME = AppIcon;
				COMBINE_HIDPI_IMAGES = YES;
				DEVELOPMENT_TEAM = 397FP8392F;
				INFOPLIST_FILE = SurveyAdmin/Info.plist;
				LD_RUNPATH_SEARCH_PATHS = "$(inherited) @executable_path/../Frameworks";
				PRODUCT_BUNDLE_IDENTIFIER = realm.io.SurveyAdmin;
				PRODUCT_NAME = "$(TARGET_NAME)";
				SWIFT_VERSION = 3.0;
			};
			name = Release;
		};
/* End XCBuildConfiguration section */

/* Begin XCConfigurationList section */
		FB6B17CD1E53CDCA00FFC081 /* Build configuration list for PBXProject "SurveyAdmin" */ = {
			isa = XCConfigurationList;
			buildConfigurations = (
				FB6B17DF1E53CDCB00FFC081 /* Debug */,
				FB6B17E01E53CDCB00FFC081 /* Release */,
			);
			defaultConfigurationIsVisible = 0;
			defaultConfigurationName = Release;
		};
		FB6B17E11E53CDCB00FFC081 /* Build configuration list for PBXNativeTarget "SurveyAdmin" */ = {
			isa = XCConfigurationList;
			buildConfigurations = (
				FB6B17E21E53CDCB00FFC081 /* Debug */,
				FB6B17E31E53CDCB00FFC081 /* Release */,
			);
			defaultConfigurationIsVisible = 0;
		};
/* End XCConfigurationList section */
	};
	rootObject = FB6B17CA1E53CDCA00FFC081 /* Project object */;
}
